
Microsoft Visual Studio Solution File, Format Version 12.00
# Visual Studio Version 17
VisualStudioVersion = 17.1.32210.238
MinimumVisualStudioVersion = 10.0.40219.1
Project("{9A19103F-16F7-4668-BE54-9A1E7A4F7556}") = "API", "testapi\API.csproj", "{0BAB096E-D757-44D1-A8F3-A058FDB878CF}"
EndProject
Project("{9A19103F-16F7-4668-BE54-9A1E7A4F7556}") = "API_Test", "testtest1\API_Test.csproj", "{E2A43F5D-B7CB-42CC-AA0F-2046DE2D2041}"
EndProject
Project("{9A19103F-16F7-4668-BE54-9A1E7A4F7556}") = "Winform", "Winform\Winform.csproj", "{088DAF04-1DD7-433C-B123-E2815D42E872}"
EndProject
Project("{FAE04EC0-301F-11D3-BF4B-00C04F79EFBC}") = "WinformDotNetFramework", "WinformDotNetFramework\WinformDotNetFramework.csproj", "{C7599BDE-4562-4E19-948F-EF170B7CDC00}"
EndProject
Global
	GlobalSection(SolutionConfigurationPlatforms) = preSolution
		Debug|Any CPU = Debug|Any CPU
		Release|Any CPU = Release|Any CPU
	EndGlobalSection
	GlobalSection(ProjectConfigurationPlatforms) = postSolution
		{0BAB096E-D757-44D1-A8F3-A058FDB878CF}.Debug|Any CPU.ActiveCfg = Debug|Any CPU
		{0BAB096E-D757-44D1-A8F3-A058FDB878CF}.Debug|Any CPU.Build.0 = Debug|Any CPU
		{0BAB096E-D757-44D1-A8F3-A058FDB878CF}.Release|Any CPU.ActiveCfg = Release|Any CPU
		{0BAB096E-D757-44D1-A8F3-A058FDB878CF}.Release|Any CPU.Build.0 = Release|Any CPU
		{E2A43F5D-B7CB-42CC-AA0F-2046DE2D2041}.Debug|Any CPU.ActiveCfg = Debug|Any CPU
		{E2A43F5D-B7CB-42CC-AA0F-2046DE2D2041}.Debug|Any CPU.Build.0 = Debug|Any CPU
		{E2A43F5D-B7CB-42CC-AA0F-2046DE2D2041}.Release|Any CPU.ActiveCfg = Release|Any CPU
		{E2A43F5D-B7CB-42CC-AA0F-2046DE2D2041}.Release|Any CPU.Build.0 = Release|Any CPU
		{088DAF04-1DD7-433C-B123-E2815D42E872}.Debug|Any CPU.ActiveCfg = Debug|Any CPU
		{088DAF04-1DD7-433C-B123-E2815D42E872}.Debug|Any CPU.Build.0 = Debug|Any CPU
		{088DAF04-1DD7-433C-B123-E2815D42E872}.Release|Any CPU.ActiveCfg = Release|Any CPU
		{088DAF04-1DD7-433C-B123-E2815D42E872}.Release|Any CPU.Build.0 = Release|Any CPU
		{C7599BDE-4562-4E19-948F-EF170B7CDC00}.Debug|Any CPU.ActiveCfg = Debug|Any CPU
		{C7599BDE-4562-4E19-948F-EF170B7CDC00}.Debug|Any CPU.Build.0 = Debug|Any CPU
		{C7599BDE-4562-4E19-948F-EF170B7CDC00}.Release|Any CPU.ActiveCfg = Release|Any CPU
		{C7599BDE-4562-4E19-948F-EF170B7CDC00}.Release|Any CPU.Build.0 = Release|Any CPU
	EndGlobalSection
	GlobalSection(SolutionProperties) = preSolution
		HideSolutionNode = FALSE
	EndGlobalSection
	GlobalSection(ExtensibilityGlobals) = postSolution
		SolutionGuid = {D7B7B2E2-EBAC-4003-86B9-57E79AADD76A}
	EndGlobalSection
EndGlobal
